<?xml version="1.0" encoding="utf-8"?>
<Project ToolsVersion="4.0" xmlns="http://schemas.microsoft.com/developer/msbuild/2003">
  <ItemGroup>
    <Filter Include="ソース ファイル">
      <UniqueIdentifier>{4FC737F1-C7A5-4376-A066-2A32D752A2FF}</UniqueIdentifier>
      <Extensions>cpp;c;cc;cxx;c++;cppm;ixx;def;odl;idl;hpj;bat;asm;asmx</Extensions>
    </Filter>
    <Filter Include="ヘッダー ファイル">
      <UniqueIdentifier>{93995380-89BD-4b04-88EB-625FBE52EBFB}</UniqueIdentifier>
      <Extensions>h;hh;hpp;hxx;h++;hm;inl;inc;ipp;xsd</Extensions>
    </Filter>
    <Filter Include="リソース ファイル">
      <UniqueIdentifier>{67DA6AB6-F800-4c08-8B7A-83BB121AAD01}</UniqueIdentifier>
      <Extensions>rc;ico;cur;bmp;dlg;rc2;rct;bin;rgs;gif;jpg;jpeg;jpe;resx;tiff;tif;png;wav;mfcribbon-ms</Extensions>
    </Filter>
    <Filter Include="imgui">
      <UniqueIdentifier>{26a1d75c-68f5-48de-a7b5-c1eb6ab5e24a}</UniqueIdentifier>
    </Filter>
    <Filter Include="ソース ファイル\Common">
      <UniqueIdentifier>{07c0a95e-6a93-4df8-8d44-8e73f10e1ea2}</UniqueIdentifier>
    </Filter>
    <Filter Include="ヘッダー ファイル\Common">
      <UniqueIdentifier>{489343cf-64f2-4e1a-99e3-9a53fd5598b4}</UniqueIdentifier>
    </Filter>
    <Filter Include="ソース ファイル\GamaScene">
      <UniqueIdentifier>{6783ae0e-f5a0-4867-a365-1d65f9d0e07e}</UniqueIdentifier>
    </Filter>
    <Filter Include="ヘッダー ファイル\GameScene">
      <UniqueIdentifier>{d00a8998-a08f-48ce-850f-96c0eddb4980}</UniqueIdentifier>
    </Filter>
    <Filter Include="ソース ファイル\Math">
      <UniqueIdentifier>{06a9a389-3fa9-4add-ab75-e624db9a3dd9}</UniqueIdentifier>
    </Filter>
    <Filter Include="ヘッダー ファイル\Math">
      <UniqueIdentifier>{b543a5c7-1ed6-4ca8-ac06-3165a71162a0}</UniqueIdentifier>
    </Filter>
    <Filter Include="ヘッダー ファイル\Math\Vector">
      <UniqueIdentifier>{aaf74c02-09fc-4fb3-8841-c46e52af7448}</UniqueIdentifier>
    </Filter>
    <Filter Include="ヘッダー ファイル\Math\Matrix">
      <UniqueIdentifier>{979fd626-d0ee-4f17-8e46-8c4d9e8a2bb9}</UniqueIdentifier>
    </Filter>
    <Filter Include="ヘッダー ファイル\ImGui">
      <UniqueIdentifier>{14d4744c-9636-4620-8765-10b4ee6446ea}</UniqueIdentifier>
    </Filter>
    <Filter Include="ソース ファイル\ImGui">
      <UniqueIdentifier>{00ad347e-53a6-4856-9344-67a497557e0a}</UniqueIdentifier>
    </Filter>
    <Filter Include="ソース ファイル\ConvertFunction">
      <UniqueIdentifier>{5f4a72fc-e562-4946-a2ac-4329dcdc39c7}</UniqueIdentifier>
    </Filter>
    <Filter Include="ヘッダー ファイル\ConvertFunction">
      <UniqueIdentifier>{88525f3c-706e-4397-b214-f9c6099be35f}</UniqueIdentifier>
    </Filter>
    <Filter Include="ヘッダー ファイル\Polygone">
      <UniqueIdentifier>{7d6b79d6-b619-47a8-8605-e65a4fad754b}</UniqueIdentifier>
    </Filter>
    <Filter Include="ソース ファイル\Polygone">
      <UniqueIdentifier>{6a198dbf-5723-494c-be30-e68adffa3015}</UniqueIdentifier>
    </Filter>
    <Filter Include="ヘッダー ファイル\Audio">
      <UniqueIdentifier>{17a133ca-1765-41b5-ac1f-88c022b6f072}</UniqueIdentifier>
    </Filter>
    <Filter Include="ヘッダー ファイル\ModelData">
      <UniqueIdentifier>{f741242e-7cbc-4c51-b146-156531028030}</UniqueIdentifier>
    </Filter>
    <Filter Include="ヘッダー ファイル\Polygone\2D">
      <UniqueIdentifier>{37a056bf-c227-41e3-ad05-cccd28aeef55}</UniqueIdentifier>
    </Filter>
    <Filter Include="ヘッダー ファイル\Polygone\3D">
      <UniqueIdentifier>{c8ecca75-30a5-4916-bedc-18d047b75326}</UniqueIdentifier>
    </Filter>
    <Filter Include="ソース ファイル\Polygone\2D">
      <UniqueIdentifier>{47704ace-0e4d-48b7-a32a-f0fbfdde24fe}</UniqueIdentifier>
    </Filter>
    <Filter Include="ソース ファイル\Polygone\3D">
      <UniqueIdentifier>{35b89b43-cc3c-46d0-91a6-e8c2ea339870}</UniqueIdentifier>
    </Filter>
    <Filter Include="ソース ファイル\Audio">
      <UniqueIdentifier>{31120d8e-cb74-4a14-b38b-2cc0eeea8adc}</UniqueIdentifier>
    </Filter>
    <Filter Include="ソース ファイル\TextureManager">
      <UniqueIdentifier>{511c7def-d00b-4f84-bb17-82918b2ccb0a}</UniqueIdentifier>
    </Filter>
    <Filter Include="ソース ファイル\GamaScene\SampleScene">
      <UniqueIdentifier>{21f550a2-78ff-4589-9602-c2a653d20e93}</UniqueIdentifier>
    </Filter>
    <Filter Include="ヘッダー ファイル\GameScene\SampleScene">
      <UniqueIdentifier>{cfe63980-9cfb-4417-8db9-50dd411e5520}</UniqueIdentifier>
    </Filter>
    <Filter Include="ヘッダー ファイル\Input">
      <UniqueIdentifier>{c533585d-234b-43c6-8ba0-d10d113e0ac7}</UniqueIdentifier>
    </Filter>
    <Filter Include="リソース ファイル\Shader">
      <UniqueIdentifier>{a3330e3b-ebb6-4091-9be2-4e92c2f224e3}</UniqueIdentifier>
    </Filter>
    <Filter Include="ヘッダー ファイル\Math\Matrix\Camera">
      <UniqueIdentifier>{5616d2f1-7a47-4c1b-ae84-d81053a643c7}</UniqueIdentifier>
    </Filter>
    <Filter Include="ヘッダー ファイル\Camera">
      <UniqueIdentifier>{f0d47295-b564-4eb5-9f2f-cd34fa9ae230}</UniqueIdentifier>
    </Filter>
    <Filter Include="ソース ファイル\Camera">
      <UniqueIdentifier>{228bc102-211b-4df2-888d-435855aa6c74}</UniqueIdentifier>
    </Filter>
    <Filter Include="ソース ファイル\Input">
      <UniqueIdentifier>{9925981b-9c84-422a-b574-ea32b4bf256b}</UniqueIdentifier>
    </Filter>
    <Filter Include="ヘッダー ファイル\TextureManager">
      <UniqueIdentifier>{980df7e0-fba5-42c8-a3af-909754ec7057}</UniqueIdentifier>
    </Filter>
  </ItemGroup>
  <ItemGroup>
    <ClCompile Include="main.cpp">
      <Filter>ソース ファイル</Filter>
    </ClCompile>
    <ClCompile Include="Ellysia\externals\imGui\imgui.cpp">
      <Filter>imgui</Filter>
    </ClCompile>
    <ClCompile Include="Ellysia\externals\imGui\imgui_demo.cpp">
      <Filter>imgui</Filter>
    </ClCompile>
    <ClCompile Include="Ellysia\externals\imGui\imgui_draw.cpp">
      <Filter>imgui</Filter>
    </ClCompile>
    <ClCompile Include="Ellysia\externals\imGui\imgui_impl_dx12.cpp">
      <Filter>imgui</Filter>
    </ClCompile>
    <ClCompile Include="Ellysia\externals\imGui\imgui_impl_win32.cpp">
      <Filter>imgui</Filter>
    </ClCompile>
    <ClCompile Include="Ellysia\externals\imGui\imgui_tables.cpp">
      <Filter>imgui</Filter>
    </ClCompile>
    <ClCompile Include="Ellysia\externals\imGui\imgui_widgets.cpp">
      <Filter>imgui</Filter>
    </ClCompile>
    <ClCompile Include="Ellysia\Math\Matrix\Calculation\Matrix4x4Calculation.cpp">
      <Filter>ソース ファイル\Math</Filter>
    </ClCompile>
    <ClCompile Include="Ellysia\ImGuiManager\ImGuiManager.cpp">
      <Filter>ソース ファイル\ImGui</Filter>
    </ClCompile>
    <ClCompile Include="Ellysia\ConvertFunction\ConvertColor\ColorConvert.cpp">
      <Filter>ソース ファイル\ConvertFunction</Filter>
    </ClCompile>
    <ClCompile Include="Ellysia\ConvertFunction\ConvertLog\LogConvert.cpp">
      <Filter>ソース ファイル\ConvertFunction</Filter>
    </ClCompile>
    <ClCompile Include="Ellysia\Math\Vector\Calculation\VectorCalculation.cpp">
      <Filter>ソース ファイル\Math</Filter>
    </ClCompile>
    <ClCompile Include="Ellysia\Common\DirectX\DirectXSetup.cpp">
      <Filter>ソース ファイル\Common</Filter>
    </ClCompile>
    <ClCompile Include="Ellysia\Common\Windows\WinApp.cpp">
      <Filter>ソース ファイル\Common</Filter>
    </ClCompile>
    <ClCompile Include="Ellysia\Polygon\Model\Model.cpp">
      <Filter>ソース ファイル\Polygone\3D</Filter>
    </ClCompile>
    <ClCompile Include="Ellysia\Polygon\Sphere\Sphere.cpp">
      <Filter>ソース ファイル\Polygone\3D</Filter>
    </ClCompile>
    <ClCompile Include="Ellysia\Polygon\Sprite\Sprite.cpp">
      <Filter>ソース ファイル\Polygone\2D</Filter>
    </ClCompile>
    <ClCompile Include="Ellysia\Polygon\Triangle\Triangle.cpp">
      <Filter>ソース ファイル\Polygone\2D</Filter>
    </ClCompile>
    <ClCompile Include="Ellysia\Audio\Audio.cpp">
      <Filter>ソース ファイル\Audio</Filter>
    </ClCompile>
    <ClCompile Include="Ellysia\TextureManager\TextureManager.cpp">
      <Filter>ソース ファイル\TextureManager</Filter>
    </ClCompile>
    <ClCompile Include="Project\AllGameScene\SampleScene\SampleScene.cpp">
      <Filter>ソース ファイル\GamaScene\SampleScene</Filter>
    </ClCompile>
    <ClCompile Include="Project\AllGameScene\GameManager\GameManager.cpp">
      <Filter>ソース ファイル\GamaScene</Filter>
    </ClCompile>
    <ClCompile Include="Ellysia\Math\Matrix\Matrix\CameraMatrix.cpp">
      <Filter>ソース ファイル\Math</Filter>
    </ClCompile>
    <ClCompile Include="Project\AllGameScene\SampleScene2\SampleScene2.cpp">
      <Filter>ソース ファイル\GamaScene\SampleScene</Filter>
    </ClCompile>
    <ClCompile Include="Ellysia\Camera\Camera.cpp">
      <Filter>ソース ファイル\Camera</Filter>
    </ClCompile>
    <ClCompile Include="Ellysia\Input\Input.cpp">
      <Filter>ソース ファイル\Input</Filter>
    </ClCompile>
    <ClCompile Include="Ellysia\ConvertFunction\CompileShader\CompileShaderManager.cpp">
      <Filter>ソース ファイル\ConvertFunction</Filter>
    </ClCompile>
    <ClCompile Include="Ellysia\PipelineManager\PipelineManager.cpp">
      <Filter>ソース ファイル</Filter>
    </ClCompile>
    <ClCompile Include="Project\AllGameScene\TitleScene\TitleScene.cpp">
      <Filter>ソース ファイル\GamaScene</Filter>
    </ClCompile>
    <ClCompile Include="Project\AllGameScene\SelectScene\SelectScene.cpp">
      <Filter>ソース ファイル\GamaScene</Filter>
    </ClCompile>
  </ItemGroup>
  <ItemGroup>
    <ClInclude Include="Ellysia\externals\imGui\imconfig.h">
      <Filter>imgui</Filter>
    </ClInclude>
    <ClInclude Include="Ellysia\externals\imGui\imgui.h">
      <Filter>imgui</Filter>
    </ClInclude>
    <ClInclude Include="Ellysia\externals\imGui\imgui_impl_dx12.h">
      <Filter>imgui</Filter>
    </ClInclude>
    <ClInclude Include="Ellysia\externals\imGui\imgui_impl_win32.h">
      <Filter>imgui</Filter>
    </ClInclude>
    <ClInclude Include="Ellysia\externals\imGui\imgui_internal.h">
      <Filter>imgui</Filter>
    </ClInclude>
    <ClInclude Include="Ellysia\externals\imGui\imstb_rectpack.h">
      <Filter>imgui</Filter>
    </ClInclude>
    <ClInclude Include="Ellysia\externals\imGui\imstb_textedit.h">
      <Filter>imgui</Filter>
    </ClInclude>
    <ClInclude Include="Ellysia\externals\imGui\imstb_truetype.h">
      <Filter>imgui</Filter>
    </ClInclude>
    <ClInclude Include="Ellysia\Math\Vector\Vector3.h">
      <Filter>ヘッダー ファイル\Math\Vector</Filter>
    </ClInclude>
    <ClInclude Include="Ellysia\Math\Vector\Vector4.h">
      <Filter>ヘッダー ファイル\Math\Vector</Filter>
    </ClInclude>
    <ClInclude Include="Ellysia\Math\Matrix\Matrix\Matrix3x3.h">
      <Filter>ヘッダー ファイル\Math\Matrix</Filter>
    </ClInclude>
    <ClInclude Include="Ellysia\Math\Matrix\Matrix\Matrix4x4.h">
      <Filter>ヘッダー ファイル\Math\Matrix</Filter>
    </ClInclude>
    <ClInclude Include="Ellysia\Math\Matrix\Calculation\Matrix4x4Calculation.h">
      <Filter>ヘッダー ファイル\Math\Matrix</Filter>
    </ClInclude>
    <ClInclude Include="Ellysia\Math\Matrix\Matrix\WorldViewMatrix.h">
      <Filter>ヘッダー ファイル\Math\Matrix</Filter>
    </ClInclude>
    <ClInclude Include="Ellysia\ImGuiManager\ImGuiManager.h">
      <Filter>ヘッダー ファイル\ImGui</Filter>
    </ClInclude>
    <ClInclude Include="Ellysia\ConvertFunction\ConvertColor\ColorConvert.h">
      <Filter>ヘッダー ファイル\ConvertFunction</Filter>
    </ClInclude>
    <ClInclude Include="Ellysia\ConvertFunction\ConvertLog\LogConvert.h">
      <Filter>ヘッダー ファイル\ConvertFunction</Filter>
    </ClInclude>
    <ClInclude Include="Ellysia\Math\Vector\Transform.h">
      <Filter>ヘッダー ファイル\Math\Vector</Filter>
    </ClInclude>
    <ClInclude Include="Ellysia\Math\Vector\SphereStruct.h">
      <Filter>ヘッダー ファイル\Math\Vector</Filter>
    </ClInclude>
    <ClInclude Include="Ellysia\Math\Vector\Calculation\VectorCalculation.h">
      <Filter>ヘッダー ファイル\Math\Vector</Filter>
    </ClInclude>
    <ClInclude Include="Ellysia\Math\Vector\Vector2.h">
      <Filter>ヘッダー ファイル\Math\Vector</Filter>
    </ClInclude>
    <ClInclude Include="Ellysia\Math\Vector\VertexData.h">
      <Filter>ヘッダー ファイル\Math\Vector</Filter>
    </ClInclude>
    <ClInclude Include="Ellysia\Math\Vector\Material.h">
      <Filter>ヘッダー ファイル\Math\Vector</Filter>
    </ClInclude>
    <ClInclude Include="Ellysia\Math\Matrix\Matrix\TransformationMatrix.h">
      <Filter>ヘッダー ファイル\Math\Matrix</Filter>
    </ClInclude>
    <ClInclude Include="Ellysia\Math\Vector\DirectionalLight.h">
      <Filter>ヘッダー ファイル\Math\Vector</Filter>
    </ClInclude>
    <ClInclude Include="Ellysia\Common\DirectX\DirectXSetup.h">
      <Filter>ヘッダー ファイル\Common</Filter>
    </ClInclude>
    <ClInclude Include="Ellysia\Common\Windows\WinApp.h">
      <Filter>ヘッダー ファイル\Common</Filter>
    </ClInclude>
    <ClInclude Include="Ellysia\Audio\ChunkHeader\ChunkHeader.h">
      <Filter>ヘッダー ファイル\Audio</Filter>
    </ClInclude>
    <ClInclude Include="Ellysia\Audio\FormatChunk\FormatChunk.h">
      <Filter>ヘッダー ファイル\Audio</Filter>
    </ClInclude>
    <ClInclude Include="Ellysia\Audio\RiffHeader\RiffHeader.h">
      <Filter>ヘッダー ファイル\Audio</Filter>
    </ClInclude>
    <ClInclude Include="Ellysia\Audio\SoundData\SoundData.h">
      <Filter>ヘッダー ファイル\Audio</Filter>
    </ClInclude>
    <ClInclude Include="Ellysia\TextureManager\MaterialData\MaterialData.h">
      <Filter>ヘッダー ファイル\ModelData</Filter>
    </ClInclude>
    <ClInclude Include="Ellysia\TextureManager\ModelData\ModelData.h">
      <Filter>ヘッダー ファイル\ModelData</Filter>
    </ClInclude>
    <ClInclude Include="Ellysia\Polygon\Model\Model.h">
      <Filter>ヘッダー ファイル\Polygone\3D</Filter>
    </ClInclude>
    <ClInclude Include="Ellysia\Polygon\Sphere\Sphere.h">
      <Filter>ヘッダー ファイル\Polygone\3D</Filter>
    </ClInclude>
    <ClInclude Include="Ellysia\Polygon\Sprite\Sprite.h">
      <Filter>ヘッダー ファイル\Polygone\2D</Filter>
    </ClInclude>
    <ClInclude Include="Ellysia\Polygon\Triangle\Triangle.h">
      <Filter>ヘッダー ファイル\Polygone\2D</Filter>
    </ClInclude>
    <ClInclude Include="Ellysia\Blend\BlendMode.h">
      <Filter>ヘッダー ファイル</Filter>
    </ClInclude>
    <ClInclude Include="Ellysia\Math\Vector\SpritePosition.h">
      <Filter>ヘッダー ファイル\Math\Vector</Filter>
    </ClInclude>
    <ClInclude Include="Ellysia\Audio\Audio.h">
      <Filter>ヘッダー ファイル\Audio</Filter>
    </ClInclude>
    <ClInclude Include="Project\AllGameScene\SampleScene\SampleScene.h">
      <Filter>ヘッダー ファイル\GameScene\SampleScene</Filter>
    </ClInclude>
    <ClInclude Include="Project\AllGameScene\GameManager\GameManager.h">
      <Filter>ヘッダー ファイル\GameScene</Filter>
    </ClInclude>
    <ClInclude Include="Project\AllGameScene\GameManager\IGameScene.h">
      <Filter>ヘッダー ファイル\GameScene</Filter>
    </ClInclude>
    <ClInclude Include="Ellysia\Input\Input.h">
      <Filter>ヘッダー ファイル\Input</Filter>
    </ClInclude>
    <ClInclude Include="Ellysia\Input\Mouse\MouseInformation.h">
      <Filter>ヘッダー ファイル\Input</Filter>
    </ClInclude>
    <ClInclude Include="Ellysia\Math\Matrix\Matrix\CameraMatrix.h">
      <Filter>ヘッダー ファイル\Math\Matrix\Camera</Filter>
    </ClInclude>
    <ClInclude Include="Project\AllGameScene\SampleScene2\SampleScene2.h">
      <Filter>ヘッダー ファイル\GameScene\SampleScene</Filter>
    </ClInclude>
    <ClInclude Include="Ellysia\Camera\Camera.h">
      <Filter>ヘッダー ファイル\Camera</Filter>
    </ClInclude>
    <ClInclude Include="Ellysia\TextureManager\TextureManager.h">
      <Filter>ヘッダー ファイル\TextureManager</Filter>
    </ClInclude>
    <ClInclude Include="Ellysia\ConvertFunction\CompileShader\CompileShaderManager.h">
      <Filter>ヘッダー ファイル\ConvertFunction</Filter>
    </ClInclude>
    <ClInclude Include="Ellysia\PipelineManager\PipelineManager.h">
      <Filter>ヘッダー ファイル</Filter>
    </ClInclude>
    <ClInclude Include="Project\AllGameScene\TitleScene\TitleScene.h">
      <Filter>ソース ファイル\GamaScene</Filter>
    </ClInclude>
    <ClInclude Include="Project\AllGameScene\SelectScene\SelectScene.h">
      <Filter>ソース ファイル\GamaScene</Filter>
    </ClInclude>
  </ItemGroup>
  <ItemGroup>
    <Text Include="Ellysia\externals\imGui\LICENSE.txt">
      <Filter>imgui</Filter>
    </Text>
  </ItemGroup>
  <ItemGroup>
    <None Include="Resources\Shader\Object3d.hlsli">
      <Filter>リソース ファイル\Shader</Filter>
    </None>
    <None Include="Resources\Shader\Object2d.hlsli">
      <Filter>リソース ファイル\Shader</Filter>
    </None>
  </ItemGroup>
  <ItemGroup>
    <FxCompile Include="Resources\Shader\Object3d.PS.hlsl">
      <Filter>リソース ファイル\Shader</Filter>
    </FxCompile>
    <FxCompile Include="Resources\Shader\Object3d.VS.hlsl">
      <Filter>リソース ファイル\Shader</Filter>
    </FxCompile>
    <FxCompile Include="Resources\Shader\Object2d.PS.hlsl">
      <Filter>リソース ファイル\Shader</Filter>
    </FxCompile>
    <FxCompile Include="Resources\Shader\Object2d.VS.hlsl">
      <Filter>リソース ファイル\Shader</Filter>
    </FxCompile>
  </ItemGroup>
</Project>